
Microsoft Visual Studio Solution File, Format Version 12.00
# Visual Studio Version 16
VisualStudioVersion = 16.0.29409.12
MinimumVisualStudioVersion = 10.0.40219.1
Project("{FAE04EC0-301F-11D3-BF4B-00C04F79EFBC}") = "Chapter06ProgramOddEven", "Chapter06ProgramOddEven\Chapter06ProgramOddEven.csproj", "{BF12CF44-544F-441F-8A67-E22D17B0D52D}"
EndProject
Global
	GlobalSection(SolutionConfigurationPlatforms) = preSolution
		Debug|Any CPU = Debug|Any CPU
		Release|Any CPU = Release|Any CPU
	EndGlobalSection
	GlobalSection(ProjectConfigurationPlatforms) = postSolution
		{BF12CF44-544F-441F-8A67-E22D17B0D52D}.Debug|Any CPU.ActiveCfg = Debug|Any CPU
		{BF12CF44-544F-441F-8A67-E22D17B0D52D}.Debug|Any CPU.Build.0 = Debug|Any CPU
		{BF12CF44-544F-441F-8A67-E22D17B0D52D}.Release|Any CPU.ActiveCfg = Release|Any CPU
		{BF12CF44-544F-441F-8A67-E22D17B0D52D}.Release|Any CPU.Build.0 = Release|Any CPU
	EndGlobalSection
	GlobalSection(SolutionProperties) = preSolution
		HideSolutionNode = FALSE
	EndGlobalSection
	GlobalSection(ExtensibilityGlobals) = postSolution
		SolutionGuid = {3A942A62-9C6C-4A4E-97A2-CEB407490A7B}
	EndGlobalSection
EndGlobal
